
Microsoft Visual Studio Solution File, Format Version 12.00
# Visual Studio Version 16
VisualStudioVersion = 16.0.31205.134
MinimumVisualStudioVersion = 10.0.40219.1
Project("{FAE04EC0-301F-11D3-BF4B-00C04F79EFBC}") = "c sharp practise", "c sharp practise\c sharp practise.csproj", "{3374F970-99DD-40A6-A7D1-83709BE7EF16}"
EndProject
Global
	GlobalSection(SolutionConfigurationPlatforms) = preSolution
		Debug|Any CPU = Debug|Any CPU
		Release|Any CPU = Release|Any CPU
	EndGlobalSection
	GlobalSection(ProjectConfigurationPlatforms) = postSolution
		{3374F970-99DD-40A6-A7D1-83709BE7EF16}.Debug|Any CPU.ActiveCfg = Debug|Any CPU
		{3374F970-99DD-40A6-A7D1-83709BE7EF16}.Debug|Any CPU.Build.0 = Debug|Any CPU
		{3374F970-99DD-40A6-A7D1-83709BE7EF16}.Release|Any CPU.ActiveCfg = Release|Any CPU
		{3374F970-99DD-40A6-A7D1-83709BE7EF16}.Release|Any CPU.Build.0 = Release|Any CPU
	EndGlobalSection
	GlobalSection(SolutionProperties) = preSolution
		HideSolutionNode = FALSE
	EndGlobalSection
	GlobalSection(ExtensibilityGlobals) = postSolution
		SolutionGuid = {89B20A83-4A46-43A9-890D-1D164F5FEA25}
	EndGlobalSection
EndGlobal
